
Microsoft Visual Studio Solution File, Format Version 12.00
# Visual Studio 15
VisualStudioVersion = 15.0.28307.421
MinimumVisualStudioVersion = 10.0.40219.1
Project("{FAE04EC0-301F-11D3-BF4B-00C04F79EFBC}") = "Mundo.Android", "Mundo\Mundo.Android\Mundo.Android.csproj", "{76CC4C97-CB95-4AAE-8D94-106859723683}"
EndProject
Project("{FAE04EC0-301F-11D3-BF4B-00C04F79EFBC}") = "Mundo.iOS", "Mundo\Mundo.iOS\Mundo.iOS.csproj", "{5CDDED03-EF4A-4ED9-8583-E865440D2D66}"
EndProject
Project("{9A19103F-16F7-4668-BE54-9A1E7A4F7556}") = "Mundo", "Mundo\Mundo\Mundo.csproj", "{08C22FAF-0D8F-4FDF-95A1-03F7A10425A9}"
EndProject
Project("{FAE04EC0-301F-11D3-BF4B-00C04F79EFBC}") = "Mundo.Domain", "Mundo.Domain\Mundo.Domain.csproj", "{137A2EA7-45B0-481A-ADFE-AD44E7D14FBD}"
EndProject
Project("{FAE04EC0-301F-11D3-BF4B-00C04F79EFBC}") = "Mundo.Backend", "Mundo.Backend\Mundo.Backend.csproj", "{353F2695-66A9-4018-9D8F-C9EA4C19C3CA}"
EndProject
Project("{FAE04EC0-301F-11D3-BF4B-00C04F79EFBC}") = "Mundo.API", "Mundo.API\Mundo.API.csproj", "{D76EEF47-A8C7-4867-B056-C3D25AC200FE}"
EndProject
Global
	GlobalSection(SolutionConfigurationPlatforms) = preSolution
		Ad-Hoc|Any CPU = Ad-Hoc|Any CPU
		Ad-Hoc|iPhone = Ad-Hoc|iPhone
		Ad-Hoc|iPhoneSimulator = Ad-Hoc|iPhoneSimulator
		AppStore|Any CPU = AppStore|Any CPU
		AppStore|iPhone = AppStore|iPhone
		AppStore|iPhoneSimulator = AppStore|iPhoneSimulator
		Debug|Any CPU = Debug|Any CPU
		Debug|iPhone = Debug|iPhone
		Debug|iPhoneSimulator = Debug|iPhoneSimulator
		Release|Any CPU = Release|Any CPU
		Release|iPhone = Release|iPhone
		Release|iPhoneSimulator = Release|iPhoneSimulator
	EndGlobalSection
	GlobalSection(ProjectConfigurationPlatforms) = postSolution
		{76CC4C97-CB95-4AAE-8D94-106859723683}.Ad-Hoc|Any CPU.ActiveCfg = Release|Any CPU
		{76CC4C97-CB95-4AAE-8D94-106859723683}.Ad-Hoc|Any CPU.Build.0 = Release|Any CPU
		{76CC4C97-CB95-4AAE-8D94-106859723683}.Ad-Hoc|Any CPU.Deploy.0 = Release|Any CPU
		{76CC4C97-CB95-4AAE-8D94-106859723683}.Ad-Hoc|iPhone.ActiveCfg = Release|Any CPU
		{76CC4C97-CB95-4AAE-8D94-106859723683}.Ad-Hoc|iPhone.Build.0 = Release|Any CPU
		{76CC4C97-CB95-4AAE-8D94-106859723683}.Ad-Hoc|iPhone.Deploy.0 = Release|Any CPU
		{76CC4C97-CB95-4AAE-8D94-106859723683}.Ad-Hoc|iPhoneSimulator.ActiveCfg = Release|Any CPU
		{76CC4C97-CB95-4AAE-8D94-106859723683}.Ad-Hoc|iPhoneSimulator.Build.0 = Release|Any CPU
		{76CC4C97-CB95-4AAE-8D94-106859723683}.Ad-Hoc|iPhoneSimulator.Deploy.0 = Release|Any CPU
		{76CC4C97-CB95-4AAE-8D94-106859723683}.AppStore|Any CPU.ActiveCfg = Release|Any CPU
		{76CC4C97-CB95-4AAE-8D94-106859723683}.AppStore|Any CPU.Build.0 = Release|Any CPU
		{76CC4C97-CB95-4AAE-8D94-106859723683}.AppStore|Any CPU.Deploy.0 = Release|Any CPU
		{76CC4C97-CB95-4AAE-8D94-106859723683}.AppStore|iPhone.ActiveCfg = Release|Any CPU
		{76CC4C97-CB95-4AAE-8D94-106859723683}.AppStore|iPhone.Build.0 = Release|Any CPU
		{76CC4C97-CB95-4AAE-8D94-106859723683}.AppStore|iPhone.Deploy.0 = Release|Any CPU
		{76CC4C97-CB95-4AAE-8D94-106859723683}.AppStore|iPhoneSimulator.ActiveCfg = Release|Any CPU
		{76CC4C97-CB95-4AAE-8D94-106859723683}.AppStore|iPhoneSimulator.Build.0 = Release|Any CPU
		{76CC4C97-CB95-4AAE-8D94-106859723683}.AppStore|iPhoneSimulator.Deploy.0 = Release|Any CPU
		{76CC4C97-CB95-4AAE-8D94-106859723683}.Debug|Any CPU.ActiveCfg = Debug|Any CPU
		{76CC4C97-CB95-4AAE-8D94-106859723683}.Debug|Any CPU.Build.0 = Debug|Any CPU
		{76CC4C97-CB95-4AAE-8D94-106859723683}.Debug|Any CPU.Deploy.0 = Debug|Any CPU
		{76CC4C97-CB95-4AAE-8D94-106859723683}.Debug|iPhone.ActiveCfg = Debug|Any CPU
		{76CC4C97-CB95-4AAE-8D94-106859723683}.Debug|iPhone.Build.0 = Debug|Any CPU
		{76CC4C97-CB95-4AAE-8D94-106859723683}.Debug|iPhone.Deploy.0 = Debug|Any CPU
		{76CC4C97-CB95-4AAE-8D94-106859723683}.Debug|iPhoneSimulator.ActiveCfg = Debug|Any CPU
		{76CC4C97-CB95-4AAE-8D94-106859723683}.Debug|iPhoneSimulator.Build.0 = Debug|Any CPU
		{76CC4C97-CB95-4AAE-8D94-106859723683}.Debug|iPhoneSimulator.Deploy.0 = Debug|Any CPU
		{76CC4C97-CB95-4AAE-8D94-106859723683}.Release|Any CPU.ActiveCfg = Release|Any CPU
		{76CC4C97-CB95-4AAE-8D94-106859723683}.Release|Any CPU.Build.0 = Release|Any CPU
		{76CC4C97-CB95-4AAE-8D94-106859723683}.Release|Any CPU.Deploy.0 = Release|Any CPU
		{76CC4C97-CB95-4AAE-8D94-106859723683}.Release|iPhone.ActiveCfg = Release|Any CPU
		{76CC4C97-CB95-4AAE-8D94-106859723683}.Release|iPhone.Build.0 = Release|Any CPU
		{76CC4C97-CB95-4AAE-8D94-106859723683}.Release|iPhone.Deploy.0 = Release|Any CPU
		{76CC4C97-CB95-4AAE-8D94-106859723683}.Release|iPhoneSimulator.ActiveCfg = Release|Any CPU
		{76CC4C97-CB95-4AAE-8D94-106859723683}.Release|iPhoneSimulator.Build.0 = Release|Any CPU
		{76CC4C97-CB95-4AAE-8D94-106859723683}.Release|iPhoneSimulator.Deploy.0 = Release|Any CPU
		{5CDDED03-EF4A-4ED9-8583-E865440D2D66}.Ad-Hoc|Any CPU.ActiveCfg = Ad-Hoc|iPhone
		{5CDDED03-EF4A-4ED9-8583-E865440D2D66}.Ad-Hoc|Any CPU.Build.0 = Ad-Hoc|iPhone
		{5CDDED03-EF4A-4ED9-8583-E865440D2D66}.Ad-Hoc|Any CPU.Deploy.0 = Ad-Hoc|iPhone
		{5CDDED03-EF4A-4ED9-8583-E865440D2D66}.Ad-Hoc|iPhone.ActiveCfg = Ad-Hoc|iPhone
		{5CDDED03-EF4A-4ED9-8583-E865440D2D66}.Ad-Hoc|iPhone.Build.0 = Ad-Hoc|iPhone
		{5CDDED03-EF4A-4ED9-8583-E865440D2D66}.Ad-Hoc|iPhone.Deploy.0 = Ad-Hoc|iPhone
		{5CDDED03-EF4A-4ED9-8583-E865440D2D66}.Ad-Hoc|iPhoneSimulator.ActiveCfg = Ad-Hoc|iPhoneSimulator
		{5CDDED03-EF4A-4ED9-8583-E865440D2D66}.Ad-Hoc|iPhoneSimulator.Build.0 = Ad-Hoc|iPhoneSimulator
		{5CDDED03-EF4A-4ED9-8583-E865440D2D66}.Ad-Hoc|iPhoneSimulator.Deploy.0 = Ad-Hoc|iPhoneSimulator
		{5CDDED03-EF4A-4ED9-8583-E865440D2D66}.AppStore|Any CPU.ActiveCfg = AppStore|iPhone
		{5CDDED03-EF4A-4ED9-8583-E865440D2D66}.AppStore|Any CPU.Build.0 = AppStore|iPhone
		{5CDDED03-EF4A-4ED9-8583-E865440D2D66}.AppStore|Any CPU.Deploy.0 = AppStore|iPhone
		{5CDDED03-EF4A-4ED9-8583-E865440D2D66}.AppStore|iPhone.ActiveCfg = AppStore|iPhone
		{5CDDED03-EF4A-4ED9-8583-E865440D2D66}.AppStore|iPhone.Build.0 = AppStore|iPhone
		{5CDDED03-EF4A-4ED9-8583-E865440D2D66}.AppStore|iPhone.Deploy.0 = AppStore|iPhone
		{5CDDED03-EF4A-4ED9-8583-E865440D2D66}.AppStore|iPhoneSimulator.ActiveCfg = AppStore|iPhoneSimulator
		{5CDDED03-EF4A-4ED9-8583-E865440D2D66}.AppStore|iPhoneSimulator.Build.0 = AppStore|iPhoneSimulator
		{5CDDED03-EF4A-4ED9-8583-E865440D2D66}.AppStore|iPhoneSimulator.Deploy.0 = AppStore|iPhoneSimulator
		{5CDDED03-EF4A-4ED9-8583-E865440D2D66}.Debug|Any CPU.ActiveCfg = Debug|iPhoneSimulator
		{5CDDED03-EF4A-4ED9-8583-E865440D2D66}.Debug|Any CPU.Build.0 = Debug|iPhoneSimulator
		{5CDDED03-EF4A-4ED9-8583-E865440D2D66}.Debug|Any CPU.Deploy.0 = Debug|iPhoneSimulator
		{5CDDED03-EF4A-4ED9-8583-E865440D2D66}.Debug|iPhone.ActiveCfg = Debug|iPhone
		{5CDDED03-EF4A-4ED9-8583-E865440D2D66}.Debug|iPhone.Build.0 = Debug|iPhone
		{5CDDED03-EF4A-4ED9-8583-E865440D2D66}.Debug|iPhone.Deploy.0 = Debug|iPhone
		{5CDDED03-EF4A-4ED9-8583-E865440D2D66}.Debug|iPhoneSimulator.ActiveCfg = Debug|iPhoneSimulator
		{5CDDED03-EF4A-4ED9-8583-E865440D2D66}.Debug|iPhoneSimulator.Build.0 = Debug|iPhoneSimulator
		{5CDDED03-EF4A-4ED9-8583-E865440D2D66}.Debug|iPhoneSimulator.Deploy.0 = Debug|iPhoneSimulator
		{5CDDED03-EF4A-4ED9-8583-E865440D2D66}.Release|Any CPU.ActiveCfg = Release|iPhone
		{5CDDED03-EF4A-4ED9-8583-E865440D2D66}.Release|Any CPU.Build.0 = Release|iPhone
		{5CDDED03-EF4A-4ED9-8583-E865440D2D66}.Release|Any CPU.Deploy.0 = Release|iPhone
		{5CDDED03-EF4A-4ED9-8583-E865440D2D66}.Release|iPhone.ActiveCfg = Release|iPhone
		{5CDDED03-EF4A-4ED9-8583-E865440D2D66}.Release|iPhone.Build.0 = Release|iPhone
		{5CDDED03-EF4A-4ED9-8583-E865440D2D66}.Release|iPhone.Deploy.0 = Release|iPhone
		{5CDDED03-EF4A-4ED9-8583-E865440D2D66}.Release|iPhoneSimulator.ActiveCfg = Release|iPhoneSimulator
		{5CDDED03-EF4A-4ED9-8583-E865440D2D66}.Release|iPhoneSimulator.Build.0 = Release|iPhoneSimulator
		{5CDDED03-EF4A-4ED9-8583-E865440D2D66}.Release|iPhoneSimulator.Deploy.0 = Release|iPhoneSimulator
		{08C22FAF-0D8F-4FDF-95A1-03F7A10425A9}.Ad-Hoc|Any CPU.ActiveCfg = Debug|Any CPU
		{08C22FAF-0D8F-4FDF-95A1-03F7A10425A9}.Ad-Hoc|Any CPU.Build.0 = Debug|Any CPU
		{08C22FAF-0D8F-4FDF-95A1-03F7A10425A9}.Ad-Hoc|Any CPU.Deploy.0 = Debug|Any CPU
		{08C22FAF-0D8F-4FDF-95A1-03F7A10425A9}.Ad-Hoc|iPhone.ActiveCfg = Debug|Any CPU
		{08C22FAF-0D8F-4FDF-95A1-03F7A10425A9}.Ad-Hoc|iPhone.Build.0 = Debug|Any CPU
		{08C22FAF-0D8F-4FDF-95A1-03F7A10425A9}.Ad-Hoc|iPhone.Deploy.0 = Debug|Any CPU
		{08C22FAF-0D8F-4FDF-95A1-03F7A10425A9}.Ad-Hoc|iPhoneSimulator.ActiveCfg = Debug|Any CPU
		{08C22FAF-0D8F-4FDF-95A1-03F7A10425A9}.Ad-Hoc|iPhoneSimulator.Build.0 = Debug|Any CPU
		{08C22FAF-0D8F-4FDF-95A1-03F7A10425A9}.Ad-Hoc|iPhoneSimulator.Deploy.0 = Debug|Any CPU
		{08C22FAF-0D8F-4FDF-95A1-03F7A10425A9}.AppStore|Any CPU.ActiveCfg = Debug|Any CPU
		{08C22FAF-0D8F-4FDF-95A1-03F7A10425A9}.AppStore|Any CPU.Build.0 = Debug|Any CPU
		{08C22FAF-0D8F-4FDF-95A1-03F7A10425A9}.AppStore|Any CPU.Deploy.0 = Debug|Any CPU
		{08C22FAF-0D8F-4FDF-95A1-03F7A10425A9}.AppStore|iPhone.ActiveCfg = Debug|Any CPU
		{08C22FAF-0D8F-4FDF-95A1-03F7A10425A9}.AppStore|iPhone.Build.0 = Debug|Any CPU
		{08C22FAF-0D8F-4FDF-95A1-03F7A10425A9}.AppStore|iPhone.Deploy.0 = Debug|Any CPU
		{08C22FAF-0D8F-4FDF-95A1-03F7A10425A9}.AppStore|iPhoneSimulator.ActiveCfg = Debug|Any CPU
		{08C22FAF-0D8F-4FDF-95A1-03F7A10425A9}.AppStore|iPhoneSimulator.Build.0 = Debug|Any CPU
		{08C22FAF-0D8F-4FDF-95A1-03F7A10425A9}.AppStore|iPhoneSimulator.Deploy.0 = Debug|Any CPU
		{08C22FAF-0D8F-4FDF-95A1-03F7A10425A9}.Debug|Any CPU.ActiveCfg = Debug|Any CPU
		{08C22FAF-0D8F-4FDF-95A1-03F7A10425A9}.Debug|Any CPU.Build.0 = Debug|Any CPU
		{08C22FAF-0D8F-4FDF-95A1-03F7A10425A9}.Debug|Any CPU.Deploy.0 = Debug|Any CPU
		{08C22FAF-0D8F-4FDF-95A1-03F7A10425A9}.Debug|iPhone.ActiveCfg = Debug|Any CPU
		{08C22FAF-0D8F-4FDF-95A1-03F7A10425A9}.Debug|iPhone.Build.0 = Debug|Any CPU
		{08C22FAF-0D8F-4FDF-95A1-03F7A10425A9}.Debug|iPhone.Deploy.0 = Debug|Any CPU
		{08C22FAF-0D8F-4FDF-95A1-03F7A10425A9}.Debug|iPhoneSimulator.ActiveCfg = Debug|Any CPU
		{08C22FAF-0D8F-4FDF-95A1-03F7A10425A9}.Debug|iPhoneSimulator.Build.0 = Debug|Any CPU
		{08C22FAF-0D8F-4FDF-95A1-03F7A10425A9}.Debug|iPhoneSimulator.Deploy.0 = Debug|Any CPU
		{08C22FAF-0D8F-4FDF-95A1-03F7A10425A9}.Release|Any CPU.ActiveCfg = Release|Any CPU
		{08C22FAF-0D8F-4FDF-95A1-03F7A10425A9}.Release|Any CPU.Build.0 = Release|Any CPU
		{08C22FAF-0D8F-4FDF-95A1-03F7A10425A9}.Release|Any CPU.Deploy.0 = Release|Any CPU
		{08C22FAF-0D8F-4FDF-95A1-03F7A10425A9}.Release|iPhone.ActiveCfg = Release|Any CPU
		{08C22FAF-0D8F-4FDF-95A1-03F7A10425A9}.Release|iPhone.Build.0 = Release|Any CPU
		{08C22FAF-0D8F-4FDF-95A1-03F7A10425A9}.Release|iPhone.Deploy.0 = Release|Any CPU
		{08C22FAF-0D8F-4FDF-95A1-03F7A10425A9}.Release|iPhoneSimulator.ActiveCfg = Release|Any CPU
		{08C22FAF-0D8F-4FDF-95A1-03F7A10425A9}.Release|iPhoneSimulator.Build.0 = Release|Any CPU
		{08C22FAF-0D8F-4FDF-95A1-03F7A10425A9}.Release|iPhoneSimulator.Deploy.0 = Release|Any CPU
		{137A2EA7-45B0-481A-ADFE-AD44E7D14FBD}.Ad-Hoc|Any CPU.ActiveCfg = Release|Any CPU
		{137A2EA7-45B0-481A-ADFE-AD44E7D14FBD}.Ad-Hoc|Any CPU.Build.0 = Release|Any CPU
		{137A2EA7-45B0-481A-ADFE-AD44E7D14FBD}.Ad-Hoc|iPhone.ActiveCfg = Release|Any CPU
		{137A2EA7-45B0-481A-ADFE-AD44E7D14FBD}.Ad-Hoc|iPhone.Build.0 = Release|Any CPU
		{137A2EA7-45B0-481A-ADFE-AD44E7D14FBD}.Ad-Hoc|iPhoneSimulator.ActiveCfg = Release|Any CPU
		{137A2EA7-45B0-481A-ADFE-AD44E7D14FBD}.Ad-Hoc|iPhoneSimulator.Build.0 = Release|Any CPU
		{137A2EA7-45B0-481A-ADFE-AD44E7D14FBD}.AppStore|Any CPU.ActiveCfg = Release|Any CPU
		{137A2EA7-45B0-481A-ADFE-AD44E7D14FBD}.AppStore|Any CPU.Build.0 = Release|Any CPU
		{137A2EA7-45B0-481A-ADFE-AD44E7D14FBD}.AppStore|iPhone.ActiveCfg = Release|Any CPU
		{137A2EA7-45B0-481A-ADFE-AD44E7D14FBD}.AppStore|iPhone.Build.0 = Release|Any CPU
		{137A2EA7-45B0-481A-ADFE-AD44E7D14FBD}.AppStore|iPhoneSimulator.ActiveCfg = Release|Any CPU
		{137A2EA7-45B0-481A-ADFE-AD44E7D14FBD}.AppStore|iPhoneSimulator.Build.0 = Release|Any CPU
		{137A2EA7-45B0-481A-ADFE-AD44E7D14FBD}.Debug|Any CPU.ActiveCfg = Debug|Any CPU
		{137A2EA7-45B0-481A-ADFE-AD44E7D14FBD}.Debug|Any CPU.Build.0 = Debug|Any CPU
		{137A2EA7-45B0-481A-ADFE-AD44E7D14FBD}.Debug|iPhone.ActiveCfg = Debug|Any CPU
		{137A2EA7-45B0-481A-ADFE-AD44E7D14FBD}.Debug|iPhone.Build.0 = Debug|Any CPU
		{137A2EA7-45B0-481A-ADFE-AD44E7D14FBD}.Debug|iPhoneSimulator.ActiveCfg = Debug|Any CPU
		{137A2EA7-45B0-481A-ADFE-AD44E7D14FBD}.Debug|iPhoneSimulator.Build.0 = Debug|Any CPU
		{137A2EA7-45B0-481A-ADFE-AD44E7D14FBD}.Release|Any CPU.ActiveCfg = Release|Any CPU
		{137A2EA7-45B0-481A-ADFE-AD44E7D14FBD}.Release|Any CPU.Build.0 = Release|Any CPU
		{137A2EA7-45B0-481A-ADFE-AD44E7D14FBD}.Release|iPhone.ActiveCfg = Release|Any CPU
		{137A2EA7-45B0-481A-ADFE-AD44E7D14FBD}.Release|iPhone.Build.0 = Release|Any CPU
		{137A2EA7-45B0-481A-ADFE-AD44E7D14FBD}.Release|iPhoneSimulator.ActiveCfg = Release|Any CPU
		{137A2EA7-45B0-481A-ADFE-AD44E7D14FBD}.Release|iPhoneSimulator.Build.0 = Release|Any CPU
		{353F2695-66A9-4018-9D8F-C9EA4C19C3CA}.Ad-Hoc|Any CPU.ActiveCfg = Release|Any CPU
		{353F2695-66A9-4018-9D8F-C9EA4C19C3CA}.Ad-Hoc|Any CPU.Build.0 = Release|Any CPU
		{353F2695-66A9-4018-9D8F-C9EA4C19C3CA}.Ad-Hoc|iPhone.ActiveCfg = Release|Any CPU
		{353F2695-66A9-4018-9D8F-C9EA4C19C3CA}.Ad-Hoc|iPhone.Build.0 = Release|Any CPU
		{353F2695-66A9-4018-9D8F-C9EA4C19C3CA}.Ad-Hoc|iPhoneSimulator.ActiveCfg = Release|Any CPU
		{353F2695-66A9-4018-9D8F-C9EA4C19C3CA}.Ad-Hoc|iPhoneSimulator.Build.0 = Release|Any CPU
		{353F2695-66A9-4018-9D8F-C9EA4C19C3CA}.AppStore|Any CPU.ActiveCfg = Release|Any CPU
		{353F2695-66A9-4018-9D8F-C9EA4C19C3CA}.AppStore|Any CPU.Build.0 = Release|Any CPU
		{353F2695-66A9-4018-9D8F-C9EA4C19C3CA}.AppStore|iPhone.ActiveCfg = Release|Any CPU
		{353F2695-66A9-4018-9D8F-C9EA4C19C3CA}.AppStore|iPhone.Build.0 = Release|Any CPU
		{353F2695-66A9-4018-9D8F-C9EA4C19C3CA}.AppStore|iPhoneSimulator.ActiveCfg = Release|Any CPU
		{353F2695-66A9-4018-9D8F-C9EA4C19C3CA}.AppStore|iPhoneSimulator.Build.0 = Release|Any CPU
		{353F2695-66A9-4018-9D8F-C9EA4C19C3CA}.Debug|Any CPU.ActiveCfg = Debug|Any CPU
		{353F2695-66A9-4018-9D8F-C9EA4C19C3CA}.Debug|Any CPU.Build.0 = Debug|Any CPU
		{353F2695-66A9-4018-9D8F-C9EA4C19C3CA}.Debug|iPhone.ActiveCfg = Debug|Any CPU
		{353F2695-66A9-4018-9D8F-C9EA4C19C3CA}.Debug|iPhone.Build.0 = Debug|Any CPU
		{353F2695-66A9-4018-9D8F-C9EA4C19C3CA}.Debug|iPhoneSimulator.ActiveCfg = Debug|Any CPU
		{353F2695-66A9-4018-9D8F-C9EA4C19C3CA}.Debug|iPhoneSimulator.Build.0 = Debug|Any CPU
		{353F2695-66A9-4018-9D8F-C9EA4C19C3CA}.Release|Any CPU.ActiveCfg = Release|Any CPU
		{353F2695-66A9-4018-9D8F-C9EA4C19C3CA}.Release|Any CPU.Build.0 = Release|Any CPU
		{353F2695-66A9-4018-9D8F-C9EA4C19C3CA}.Release|iPhone.ActiveCfg = Release|Any CPU
		{353F2695-66A9-4018-9D8F-C9EA4C19C3CA}.Release|iPhone.Build.0 = Release|Any CPU
		{353F2695-66A9-4018-9D8F-C9EA4C19C3CA}.Release|iPhoneSimulator.ActiveCfg = Release|Any CPU
		{353F2695-66A9-4018-9D8F-C9EA4C19C3CA}.Release|iPhoneSimulator.Build.0 = Release|Any CPU
		{D76EEF47-A8C7-4867-B056-C3D25AC200FE}.Ad-Hoc|Any CPU.ActiveCfg = Release|Any CPU
		{D76EEF47-A8C7-4867-B056-C3D25AC200FE}.Ad-Hoc|Any CPU.Build.0 = Release|Any CPU
		{D76EEF47-A8C7-4867-B056-C3D25AC200FE}.Ad-Hoc|iPhone.ActiveCfg = Release|Any CPU
		{D76EEF47-A8C7-4867-B056-C3D25AC200FE}.Ad-Hoc|iPhone.Build.0 = Release|Any CPU
		{D76EEF47-A8C7-4867-B056-C3D25AC200FE}.Ad-Hoc|iPhoneSimulator.ActiveCfg = Release|Any CPU
		{D76EEF47-A8C7-4867-B056-C3D25AC200FE}.Ad-Hoc|iPhoneSimulator.Build.0 = Release|Any CPU
		{D76EEF47-A8C7-4867-B056-C3D25AC200FE}.AppStore|Any CPU.ActiveCfg = Release|Any CPU
		{D76EEF47-A8C7-4867-B056-C3D25AC200FE}.AppStore|Any CPU.Build.0 = Release|Any CPU
		{D76EEF47-A8C7-4867-B056-C3D25AC200FE}.AppStore|iPhone.ActiveCfg = Release|Any CPU
		{D76EEF47-A8C7-4867-B056-C3D25AC200FE}.AppStore|iPhone.Build.0 = Release|Any CPU
		{D76EEF47-A8C7-4867-B056-C3D25AC200FE}.AppStore|iPhoneSimulator.ActiveCfg = Release|Any CPU
		{D76EEF47-A8C7-4867-B056-C3D25AC200FE}.AppStore|iPhoneSimulator.Build.0 = Release|Any CPU
		{D76EEF47-A8C7-4867-B056-C3D25AC200FE}.Debug|Any CPU.ActiveCfg = Debug|Any CPU
		{D76EEF47-A8C7-4867-B056-C3D25AC200FE}.Debug|Any CPU.Build.0 = Debug|Any CPU
		{D76EEF47-A8C7-4867-B056-C3D25AC200FE}.Debug|iPhone.ActiveCfg = Debug|Any CPU
		{D76EEF47-A8C7-4867-B056-C3D25AC200FE}.Debug|iPhone.Build.0 = Debug|Any CPU
		{D76EEF47-A8C7-4867-B056-C3D25AC200FE}.Debug|iPhoneSimulator.ActiveCfg = Debug|Any CPU
		{D76EEF47-A8C7-4867-B056-C3D25AC200FE}.Debug|iPhoneSimulator.Build.0 = Debug|Any CPU
		{D76EEF47-A8C7-4867-B056-C3D25AC200FE}.Release|Any CPU.ActiveCfg = Release|Any CPU
		{D76EEF47-A8C7-4867-B056-C3D25AC200FE}.Release|Any CPU.Build.0 = Release|Any CPU
		{D76EEF47-A8C7-4867-B056-C3D25AC200FE}.Release|iPhone.ActiveCfg = Release|Any CPU
		{D76EEF47-A8C7-4867-B056-C3D25AC200FE}.Release|iPhone.Build.0 = Release|Any CPU
		{D76EEF47-A8C7-4867-B056-C3D25AC200FE}.Release|iPhoneSimulator.ActiveCfg = Release|Any CPU
		{D76EEF47-A8C7-4867-B056-C3D25AC200FE}.Release|iPhoneSimulator.Build.0 = Release|Any CPU
	EndGlobalSection
	GlobalSection(SolutionProperties) = preSolution
		HideSolutionNode = FALSE
	EndGlobalSection
	GlobalSection(ExtensibilityGlobals) = postSolution
		SolutionGuid = {C043E31E-24E4-4394-9F7E-729B54E01F0E}
	EndGlobalSection
EndGlobal
